
Microsoft Visual Studio Solution File, Format Version 12.00
# Visual Studio Version 17
VisualStudioVersion = 17.8.34330.188
MinimumVisualStudioVersion = 10.0.40219.1
Project("{2150E333-8FDC-42A3-9474-1A3956D46DE8}") = "src", "src", "{8FE3E875-BA20-4EEA-9504-CA408AF3D969}"
EndProject
Project("{2150E333-8FDC-42A3-9474-1A3956D46DE8}") = "Presentation", "Presentation", "{C89D1CBB-EAEA-468B-913F-14787CF51058}"
EndProject
Project("{9A19103F-16F7-4668-BE54-9A1E7A4F7556}") = "CSharpning.com.WebApp", "src\Presentation\CSharpning.com.WebApp\CSharpning.com.WebApp.csproj", "{4C1A1E97-656F-4A85-BCEE-DDD5D1BA8EF8}"
EndProject
Global
	GlobalSection(SolutionConfigurationPlatforms) = preSolution
		Debug|Any CPU = Debug|Any CPU
		Release|Any CPU = Release|Any CPU
	EndGlobalSection
	GlobalSection(ProjectConfigurationPlatforms) = postSolution
		{4C1A1E97-656F-4A85-BCEE-DDD5D1BA8EF8}.Debug|Any CPU.ActiveCfg = Debug|Any CPU
		{4C1A1E97-656F-4A85-BCEE-DDD5D1BA8EF8}.Debug|Any CPU.Build.0 = Debug|Any CPU
		{4C1A1E97-656F-4A85-BCEE-DDD5D1BA8EF8}.Release|Any CPU.ActiveCfg = Release|Any CPU
		{4C1A1E97-656F-4A85-BCEE-DDD5D1BA8EF8}.Release|Any CPU.Build.0 = Release|Any CPU
	EndGlobalSection
	GlobalSection(SolutionProperties) = preSolution
		HideSolutionNode = FALSE
	EndGlobalSection
	GlobalSection(NestedProjects) = preSolution
		{C89D1CBB-EAEA-468B-913F-14787CF51058} = {8FE3E875-BA20-4EEA-9504-CA408AF3D969}
		{4C1A1E97-656F-4A85-BCEE-DDD5D1BA8EF8} = {C89D1CBB-EAEA-468B-913F-14787CF51058}
	EndGlobalSection
	GlobalSection(ExtensibilityGlobals) = postSolution
		SolutionGuid = {A9D5976F-F0BC-4A58-801D-E97B920928B7}
	EndGlobalSection
EndGlobal
